
Microsoft Visual Studio Solution File, Format Version 12.00
# Visual Studio Version 17
VisualStudioVersion = 17.9.34728.123
MinimumVisualStudioVersion = 10.0.40219.1
Project("{9A19103F-16F7-4668-BE54-9A1E7A4F7556}") = "LittleDemo", "LittleDemo\LittleDemo.csproj", "{35FCE8FC-8D8D-470A-A9EB-C4DADA8FDDC6}"
EndProject
Project("{9A19103F-16F7-4668-BE54-9A1E7A4F7556}") = "WinFormsAppDemo", "WinFormsAppDemo\WinFormsAppDemo.csproj", "{1E799569-9485-4C64-9457-5947D4D082A1}"
EndProject
Project("{9A19103F-16F7-4668-BE54-9A1E7A4F7556}") = "SqlSugarDemo", "SqlSugarDemo\SqlSugarDemo.csproj", "{BD0828E7-C2F9-4D9B-BD13-EE8CB813B001}"
EndProject
Project("{9A19103F-16F7-4668-BE54-9A1E7A4F7556}") = "RemoteNginxManager", "RemoteNginxManager\RemoteNginxManager.csproj", "{D0D09B0D-24A5-4D3F-9EC9-E15112868820}"
EndProject
Project("{FAE04EC0-301F-11D3-BF4B-00C04F79EFBC}") = "MethodTimerDemo", "MethodTimerDemo\MethodTimerDemo.csproj", "{1424D37A-ACA6-4D40-9881-D9A232B2FF53}"
EndProject
Project("{9A19103F-16F7-4668-BE54-9A1E7A4F7556}") = "AssemblyWithInterceptorAndFormatting", "..\..\Study\MethodTimer\AssemblyWithInterceptorAndFormatting\AssemblyWithInterceptorAndFormatting.csproj", "{7AEC3EB0-420C-441A-B74A-A4F722FE4325}"
EndProject
Project("{FAE04EC0-301F-11D3-BF4B-00C04F79EFBC}") = "FurionDemo", "FurionDemo\FurionDemo.csproj", "{B5A0CA4F-E1B6-4675-8A64-932734645278}"
EndProject
Project("{FAE04EC0-301F-11D3-BF4B-00C04F79EFBC}") = "Furion", "..\..\Study\Furion\framework\Furion\Furion.csproj", "{68F87150-62AD-4A63-A8B0-D8C2153F3E7D}"
EndProject
Project("{FAE04EC0-301F-11D3-BF4B-00C04F79EFBC}") = "ConsoleApp1", "ConsoleApp1\ConsoleApp1.csproj", "{7E1897FD-C904-4113-AE2F-9316F0733F20}"
EndProject
Project("{FAE04EC0-301F-11D3-BF4B-00C04F79EFBC}") = "RedisDemo", "RedisDemo\RedisDemo.csproj", "{C75D190A-967F-441A-8147-DB8795F5BFEC}"
EndProject
Project("{FAE04EC0-301F-11D3-BF4B-00C04F79EFBC}") = "MVVMExample", "MVVMExample\MVVMExample.csproj", "{D6439BE3-BE55-456B-96D9-744241D9CFFF}"
EndProject
Project("{FAE04EC0-301F-11D3-BF4B-00C04F79EFBC}") = "SocketServerDemo", "SocketServerDemo\SocketServerDemo.csproj", "{BBC26DCA-1030-41B6-AAD0-2E6E8C091894}"
EndProject
Project("{FAE04EC0-301F-11D3-BF4B-00C04F79EFBC}") = "SocketClientDemo", "SocketClientDemo\SocketClientDemo.csproj", "{0A52EC05-2624-40FD-81D9-D52CB5AD0E26}"
EndProject
Project("{FAE04EC0-301F-11D3-BF4B-00C04F79EFBC}") = "UdpServerDemo", "UDPServerDemo\UdpServerDemo.csproj", "{FB9BE6E5-F7CE-46F1-931E-4DD9E8F363A0}"
EndProject
Project("{FAE04EC0-301F-11D3-BF4B-00C04F79EFBC}") = "UdpClientDemo", "UdpClientDemo\UdpClientDemo.csproj", "{36E755C5-EC04-44B5-8E33-8CECFFCAE70A}"
EndProject
Project("{2150E333-8FDC-42A3-9474-1A3956D46DE8}") = "Socket", "Socket", "{08A27B76-D633-4D1A-96BD-9D3450F5EA6F}"
EndProject
Project("{2150E333-8FDC-42A3-9474-1A3956D46DE8}") = "Udp", "Udp", "{F663E8B0-1B3B-4895-9537-5424B409AEC3}"
EndProject
Project("{2150E333-8FDC-42A3-9474-1A3956D46DE8}") = "WPF", "WPF", "{B9464070-755F-43B4-99BD-589DC91FE460}"
EndProject
Project("{2150E333-8FDC-42A3-9474-1A3956D46DE8}") = "CustomProtocol", "CustomProtocol", "{EF528B0E-01A1-4670-84F6-7786FAF09E86}"
EndProject
Project("{FAE04EC0-301F-11D3-BF4B-00C04F79EFBC}") = "CustomProtocolClient", "CustomProtocolClient\CustomProtocolClient.csproj", "{EC06CE50-8204-4AF3-A332-01EAB3D111B9}"
EndProject
Project("{FAE04EC0-301F-11D3-BF4B-00C04F79EFBC}") = "CustomProtocolServer", "CustomProtocolServer\CustomProtocolServer.csproj", "{8DFA30FA-50B2-4D01-A39E-B59B59D585B0}"
EndProject
Global
	GlobalSection(SolutionConfigurationPlatforms) = preSolution
		Debug|Any CPU = Debug|Any CPU
		Release|Any CPU = Release|Any CPU
	EndGlobalSection
	GlobalSection(ProjectConfigurationPlatforms) = postSolution
		{35FCE8FC-8D8D-470A-A9EB-C4DADA8FDDC6}.Debug|Any CPU.ActiveCfg = Debug|Any CPU
		{35FCE8FC-8D8D-470A-A9EB-C4DADA8FDDC6}.Debug|Any CPU.Build.0 = Debug|Any CPU
		{35FCE8FC-8D8D-470A-A9EB-C4DADA8FDDC6}.Release|Any CPU.ActiveCfg = Release|Any CPU
		{35FCE8FC-8D8D-470A-A9EB-C4DADA8FDDC6}.Release|Any CPU.Build.0 = Release|Any CPU
		{1E799569-9485-4C64-9457-5947D4D082A1}.Debug|Any CPU.ActiveCfg = Debug|Any CPU
		{1E799569-9485-4C64-9457-5947D4D082A1}.Debug|Any CPU.Build.0 = Debug|Any CPU
		{1E799569-9485-4C64-9457-5947D4D082A1}.Release|Any CPU.ActiveCfg = Release|Any CPU
		{1E799569-9485-4C64-9457-5947D4D082A1}.Release|Any CPU.Build.0 = Release|Any CPU
		{BD0828E7-C2F9-4D9B-BD13-EE8CB813B001}.Debug|Any CPU.ActiveCfg = Debug|Any CPU
		{BD0828E7-C2F9-4D9B-BD13-EE8CB813B001}.Debug|Any CPU.Build.0 = Debug|Any CPU
		{BD0828E7-C2F9-4D9B-BD13-EE8CB813B001}.Release|Any CPU.ActiveCfg = Release|Any CPU
		{BD0828E7-C2F9-4D9B-BD13-EE8CB813B001}.Release|Any CPU.Build.0 = Release|Any CPU
		{D0D09B0D-24A5-4D3F-9EC9-E15112868820}.Debug|Any CPU.ActiveCfg = Debug|Any CPU
		{D0D09B0D-24A5-4D3F-9EC9-E15112868820}.Debug|Any CPU.Build.0 = Debug|Any CPU
		{D0D09B0D-24A5-4D3F-9EC9-E15112868820}.Release|Any CPU.ActiveCfg = Release|Any CPU
		{D0D09B0D-24A5-4D3F-9EC9-E15112868820}.Release|Any CPU.Build.0 = Release|Any CPU
		{1424D37A-ACA6-4D40-9881-D9A232B2FF53}.Debug|Any CPU.ActiveCfg = Debug|Any CPU
		{1424D37A-ACA6-4D40-9881-D9A232B2FF53}.Debug|Any CPU.Build.0 = Debug|Any CPU
		{1424D37A-ACA6-4D40-9881-D9A232B2FF53}.Release|Any CPU.ActiveCfg = Release|Any CPU
		{1424D37A-ACA6-4D40-9881-D9A232B2FF53}.Release|Any CPU.Build.0 = Release|Any CPU
		{7AEC3EB0-420C-441A-B74A-A4F722FE4325}.Debug|Any CPU.ActiveCfg = Debug|Any CPU
		{7AEC3EB0-420C-441A-B74A-A4F722FE4325}.Debug|Any CPU.Build.0 = Debug|Any CPU
		{7AEC3EB0-420C-441A-B74A-A4F722FE4325}.Release|Any CPU.ActiveCfg = Release|Any CPU
		{7AEC3EB0-420C-441A-B74A-A4F722FE4325}.Release|Any CPU.Build.0 = Release|Any CPU
		{B5A0CA4F-E1B6-4675-8A64-932734645278}.Debug|Any CPU.ActiveCfg = Debug|Any CPU
		{B5A0CA4F-E1B6-4675-8A64-932734645278}.Debug|Any CPU.Build.0 = Debug|Any CPU
		{B5A0CA4F-E1B6-4675-8A64-932734645278}.Release|Any CPU.ActiveCfg = Release|Any CPU
		{B5A0CA4F-E1B6-4675-8A64-932734645278}.Release|Any CPU.Build.0 = Release|Any CPU
		{68F87150-62AD-4A63-A8B0-D8C2153F3E7D}.Debug|Any CPU.ActiveCfg = Debug|Any CPU
		{68F87150-62AD-4A63-A8B0-D8C2153F3E7D}.Debug|Any CPU.Build.0 = Debug|Any CPU
		{68F87150-62AD-4A63-A8B0-D8C2153F3E7D}.Release|Any CPU.ActiveCfg = Release|Any CPU
		{68F87150-62AD-4A63-A8B0-D8C2153F3E7D}.Release|Any CPU.Build.0 = Release|Any CPU
		{7E1897FD-C904-4113-AE2F-9316F0733F20}.Debug|Any CPU.ActiveCfg = Debug|Any CPU
		{7E1897FD-C904-4113-AE2F-9316F0733F20}.Debug|Any CPU.Build.0 = Debug|Any CPU
		{7E1897FD-C904-4113-AE2F-9316F0733F20}.Release|Any CPU.ActiveCfg = Release|Any CPU
		{7E1897FD-C904-4113-AE2F-9316F0733F20}.Release|Any CPU.Build.0 = Release|Any CPU
		{C75D190A-967F-441A-8147-DB8795F5BFEC}.Debug|Any CPU.ActiveCfg = Debug|Any CPU
		{C75D190A-967F-441A-8147-DB8795F5BFEC}.Debug|Any CPU.Build.0 = Debug|Any CPU
		{C75D190A-967F-441A-8147-DB8795F5BFEC}.Release|Any CPU.ActiveCfg = Release|Any CPU
		{C75D190A-967F-441A-8147-DB8795F5BFEC}.Release|Any CPU.Build.0 = Release|Any CPU
		{D6439BE3-BE55-456B-96D9-744241D9CFFF}.Debug|Any CPU.ActiveCfg = Debug|Any CPU
		{D6439BE3-BE55-456B-96D9-744241D9CFFF}.Debug|Any CPU.Build.0 = Debug|Any CPU
		{D6439BE3-BE55-456B-96D9-744241D9CFFF}.Release|Any CPU.ActiveCfg = Release|Any CPU
		{D6439BE3-BE55-456B-96D9-744241D9CFFF}.Release|Any CPU.Build.0 = Release|Any CPU
		{BBC26DCA-1030-41B6-AAD0-2E6E8C091894}.Debug|Any CPU.ActiveCfg = Debug|Any CPU
		{BBC26DCA-1030-41B6-AAD0-2E6E8C091894}.Debug|Any CPU.Build.0 = Debug|Any CPU
		{BBC26DCA-1030-41B6-AAD0-2E6E8C091894}.Release|Any CPU.ActiveCfg = Release|Any CPU
		{BBC26DCA-1030-41B6-AAD0-2E6E8C091894}.Release|Any CPU.Build.0 = Release|Any CPU
		{0A52EC05-2624-40FD-81D9-D52CB5AD0E26}.Debug|Any CPU.ActiveCfg = Debug|Any CPU
		{0A52EC05-2624-40FD-81D9-D52CB5AD0E26}.Debug|Any CPU.Build.0 = Debug|Any CPU
		{0A52EC05-2624-40FD-81D9-D52CB5AD0E26}.Release|Any CPU.ActiveCfg = Release|Any CPU
		{0A52EC05-2624-40FD-81D9-D52CB5AD0E26}.Release|Any CPU.Build.0 = Release|Any CPU
		{FB9BE6E5-F7CE-46F1-931E-4DD9E8F363A0}.Debug|Any CPU.ActiveCfg = Debug|Any CPU
		{FB9BE6E5-F7CE-46F1-931E-4DD9E8F363A0}.Debug|Any CPU.Build.0 = Debug|Any CPU
		{FB9BE6E5-F7CE-46F1-931E-4DD9E8F363A0}.Release|Any CPU.ActiveCfg = Release|Any CPU
		{FB9BE6E5-F7CE-46F1-931E-4DD9E8F363A0}.Release|Any CPU.Build.0 = Release|Any CPU
		{36E755C5-EC04-44B5-8E33-8CECFFCAE70A}.Debug|Any CPU.ActiveCfg = Debug|Any CPU
		{36E755C5-EC04-44B5-8E33-8CECFFCAE70A}.Debug|Any CPU.Build.0 = Debug|Any CPU
		{36E755C5-EC04-44B5-8E33-8CECFFCAE70A}.Release|Any CPU.ActiveCfg = Release|Any CPU
		{36E755C5-EC04-44B5-8E33-8CECFFCAE70A}.Release|Any CPU.Build.0 = Release|Any CPU
		{EC06CE50-8204-4AF3-A332-01EAB3D111B9}.Debug|Any CPU.ActiveCfg = Debug|Any CPU
		{EC06CE50-8204-4AF3-A332-01EAB3D111B9}.Debug|Any CPU.Build.0 = Debug|Any CPU
		{EC06CE50-8204-4AF3-A332-01EAB3D111B9}.Release|Any CPU.ActiveCfg = Release|Any CPU
		{EC06CE50-8204-4AF3-A332-01EAB3D111B9}.Release|Any CPU.Build.0 = Release|Any CPU
		{8DFA30FA-50B2-4D01-A39E-B59B59D585B0}.Debug|Any CPU.ActiveCfg = Debug|Any CPU
		{8DFA30FA-50B2-4D01-A39E-B59B59D585B0}.Debug|Any CPU.Build.0 = Debug|Any CPU
		{8DFA30FA-50B2-4D01-A39E-B59B59D585B0}.Release|Any CPU.ActiveCfg = Release|Any CPU
		{8DFA30FA-50B2-4D01-A39E-B59B59D585B0}.Release|Any CPU.Build.0 = Release|Any CPU
	EndGlobalSection
	GlobalSection(SolutionProperties) = preSolution
		HideSolutionNode = FALSE
	EndGlobalSection
	GlobalSection(NestedProjects) = preSolution
		{D6439BE3-BE55-456B-96D9-744241D9CFFF} = {B9464070-755F-43B4-99BD-589DC91FE460}
		{BBC26DCA-1030-41B6-AAD0-2E6E8C091894} = {08A27B76-D633-4D1A-96BD-9D3450F5EA6F}
		{0A52EC05-2624-40FD-81D9-D52CB5AD0E26} = {08A27B76-D633-4D1A-96BD-9D3450F5EA6F}
		{FB9BE6E5-F7CE-46F1-931E-4DD9E8F363A0} = {F663E8B0-1B3B-4895-9537-5424B409AEC3}
		{36E755C5-EC04-44B5-8E33-8CECFFCAE70A} = {F663E8B0-1B3B-4895-9537-5424B409AEC3}
		{EC06CE50-8204-4AF3-A332-01EAB3D111B9} = {EF528B0E-01A1-4670-84F6-7786FAF09E86}
		{8DFA30FA-50B2-4D01-A39E-B59B59D585B0} = {EF528B0E-01A1-4670-84F6-7786FAF09E86}
	EndGlobalSection
	GlobalSection(ExtensibilityGlobals) = postSolution
		SolutionGuid = {3617CAE5-4F0B-4177-9067-46C61E9E837D}
	EndGlobalSection
EndGlobal
